
Microsoft Visual Studio Solution File, Format Version 12.00
# Visual Studio Version 17
VisualStudioVersion = 17.4.33205.214
MinimumVisualStudioVersion = 10.0.40219.1
Project("{FAE04EC0-301F-11D3-BF4B-00C04F79EFBC}") = "AppLayer", "AppLayer\AppLayer.csproj", "{B494DF36-E461-4B16-9686-EFF7CD08F040}"
EndProject
Project("{FAE04EC0-301F-11D3-BF4B-00C04F79EFBC}") = "BLL", "BLL\BLL.csproj", "{5DD0C160-966E-42CA-8BA1-1F67C129710B}"
EndProject
Project("{FAE04EC0-301F-11D3-BF4B-00C04F79EFBC}") = "DAL", "DAL\DAL.csproj", "{315C941E-B751-481B-BA54-4FB79D151C8D}"
EndProject
Global
	GlobalSection(SolutionConfigurationPlatforms) = preSolution
		Debug|Any CPU = Debug|Any CPU
		Release|Any CPU = Release|Any CPU
	EndGlobalSection
	GlobalSection(ProjectConfigurationPlatforms) = postSolution
		{B494DF36-E461-4B16-9686-EFF7CD08F040}.Debug|Any CPU.ActiveCfg = Debug|Any CPU
		{B494DF36-E461-4B16-9686-EFF7CD08F040}.Debug|Any CPU.Build.0 = Debug|Any CPU
		{B494DF36-E461-4B16-9686-EFF7CD08F040}.Release|Any CPU.ActiveCfg = Release|Any CPU
		{B494DF36-E461-4B16-9686-EFF7CD08F040}.Release|Any CPU.Build.0 = Release|Any CPU
		{5DD0C160-966E-42CA-8BA1-1F67C129710B}.Debug|Any CPU.ActiveCfg = Debug|Any CPU
		{5DD0C160-966E-42CA-8BA1-1F67C129710B}.Debug|Any CPU.Build.0 = Debug|Any CPU
		{5DD0C160-966E-42CA-8BA1-1F67C129710B}.Release|Any CPU.ActiveCfg = Release|Any CPU
		{5DD0C160-966E-42CA-8BA1-1F67C129710B}.Release|Any CPU.Build.0 = Release|Any CPU
		{315C941E-B751-481B-BA54-4FB79D151C8D}.Debug|Any CPU.ActiveCfg = Debug|Any CPU
		{315C941E-B751-481B-BA54-4FB79D151C8D}.Debug|Any CPU.Build.0 = Debug|Any CPU
		{315C941E-B751-481B-BA54-4FB79D151C8D}.Release|Any CPU.ActiveCfg = Release|Any CPU
		{315C941E-B751-481B-BA54-4FB79D151C8D}.Release|Any CPU.Build.0 = Release|Any CPU
	EndGlobalSection
	GlobalSection(SolutionProperties) = preSolution
		HideSolutionNode = FALSE
	EndGlobalSection
	GlobalSection(ExtensibilityGlobals) = postSolution
		SolutionGuid = {5ABE3150-CA19-46DB-BE1E-549D74DDA01B}
	EndGlobalSection
EndGlobal
